// !$*UTF8*$!
{
	archiveVersion = 1;
	classes = {
	};
	objectVersion = 56;
	objects = {

/* Begin PBXBuildFile section */
		F27AD9742ABC878F0094D747 /* Product.swift in Sources */ = {isa = PBXBuildFile; fileRef = F27AD9732ABC878F0094D747 /* Product.swift */; };
		F27AD9782ABDC7280094D747 /* NetworkManager.swift in Sources */ = {isa = PBXBuildFile; fileRef = F27AD9772ABDC7280094D747 /* NetworkManager.swift */; };
		F27AD97A2ABDC9560094D747 /* LocalStorageManager.swift in Sources */ = {isa = PBXBuildFile; fileRef = F27AD9792ABDC9560094D747 /* LocalStorageManager.swift */; };
		F27AD97C2ABED9AC0094D747 /* CartViewModel.swift in Sources */ = {isa = PBXBuildFile; fileRef = F27AD97B2ABED9AC0094D747 /* CartViewModel.swift */; };
		F27AD98A2ABFEBE40094D747 /* ProductListView.swift in Sources */ = {isa = PBXBuildFile; fileRef = F27AD9892ABFEBE40094D747 /* ProductListView.swift */; };
		F27AD98C2ABFEC6C0094D747 /* ProductViewCell.swift in Sources */ = {isa = PBXBuildFile; fileRef = F27AD98B2ABFEC6C0094D747 /* ProductViewCell.swift */; };
		F27AD98E2ABFEF2A0094D747 /* ProductListViewModel.swift in Sources */ = {isa = PBXBuildFile; fileRef = F27AD98D2ABFEF2A0094D747 /* ProductListViewModel.swift */; };
		F2BE8E802AB86A05003B98B2 /* AppDelegate.swift in Sources */ = {isa = PBXBuildFile; fileRef = F2BE8E7F2AB86A05003B98B2 /* AppDelegate.swift */; };
		F2BE8E822AB86A05003B98B2 /* SceneDelegate.swift in Sources */ = {isa = PBXBuildFile; fileRef = F2BE8E812AB86A05003B98B2 /* SceneDelegate.swift */; };
		F2BE8E872AB86A05003B98B2 /* Main.storyboard in Resources */ = {isa = PBXBuildFile; fileRef = F2BE8E852AB86A05003B98B2 /* Main.storyboard */; };
		F2BE8E8C2AB86A06003B98B2 /* Assets.xcassets in Resources */ = {isa = PBXBuildFile; fileRef = F2BE8E8B2AB86A06003B98B2 /* Assets.xcassets */; };
		F2BE8E8F2AB86A06003B98B2 /* LaunchScreen.storyboard in Resources */ = {isa = PBXBuildFile; fileRef = F2BE8E8D2AB86A06003B98B2 /* LaunchScreen.storyboard */; };
		F2BE8E9B2AB87AA3003B98B2 /* CartViewController.swift in Sources */ = {isa = PBXBuildFile; fileRef = F2BE8E9A2AB87AA3003B98B2 /* CartViewController.swift */; };
		F2BE8E9D2AB87AE0003B98B2 /* CartViewCell.swift in Sources */ = {isa = PBXBuildFile; fileRef = F2BE8E9C2AB87AE0003B98B2 /* CartViewCell.swift */; };
/* End PBXBuildFile section */

/* Begin PBXFileReference section */
		F27AD9732ABC878F0094D747 /* Product.swift */ = {isa = PBXFileReference; lastKnownFileType = sourcecode.swift; path = Product.swift; sourceTree = "<group>"; };
		F27AD9772ABDC7280094D747 /* NetworkManager.swift */ = {isa = PBXFileReference; lastKnownFileType = sourcecode.swift; path = NetworkManager.swift; sourceTree = "<group>"; };
		F27AD9792ABDC9560094D747 /* LocalStorageManager.swift */ = {isa = PBXFileReference; lastKnownFileType = sourcecode.swift; path = LocalStorageManager.swift; sourceTree = "<group>"; };
		F27AD97B2ABED9AC0094D747 /* CartViewModel.swift */ = {isa = PBXFileReference; lastKnownFileType = sourcecode.swift; path = CartViewModel.swift; sourceTree = "<group>"; };
		F27AD9892ABFEBE40094D747 /* ProductListView.swift */ = {isa = PBXFileReference; lastKnownFileType = sourcecode.swift; path = ProductListView.swift; sourceTree = "<group>"; };
		F27AD98B2ABFEC6C0094D747 /* ProductViewCell.swift */ = {isa = PBXFileReference; lastKnownFileType = sourcecode.swift; path = ProductViewCell.swift; sourceTree = "<group>"; };
		F27AD98D2ABFEF2A0094D747 /* ProductListViewModel.swift */ = {isa = PBXFileReference; lastKnownFileType = sourcecode.swift; path = ProductListViewModel.swift; sourceTree = "<group>"; };
		F2BE8E7C2AB86A05003B98B2 /* myproject0.app */ = {isa = PBXFileReference; explicitFileType = wrapper.application; includeInIndex = 0; path = myproject0.app; sourceTree = BUILT_PRODUCTS_DIR; };
		F2BE8E7F2AB86A05003B98B2 /* AppDelegate.swift */ = {isa = PBXFileReference; lastKnownFileType = sourcecode.swift; path = AppDelegate.swift; sourceTree = "<group>"; };
		F2BE8E812AB86A05003B98B2 /* SceneDelegate.swift */ = {isa = PBXFileReference; lastKnownFileType = sourcecode.swift; path = SceneDelegate.swift; sourceTree = "<group>"; };
		F2BE8E862AB86A05003B98B2 /* Base */ = {isa = PBXFileReference; lastKnownFileType = file.storyboard; name = Base; path = Base.lproj/Main.storyboard; sourceTree = "<group>"; };
		F2BE8E8B2AB86A06003B98B2 /* Assets.xcassets */ = {isa = PBXFileReference; lastKnownFileType = folder.assetcatalog; path = Assets.xcassets; sourceTree = "<group>"; };
		F2BE8E8E2AB86A06003B98B2 /* Base */ = {isa = PBXFileReference; lastKnownFileType = file.storyboard; name = Base; path = Base.lproj/LaunchScreen.storyboard; sourceTree = "<group>"; };
		F2BE8E902AB86A06003B98B2 /* Info.plist */ = {isa = PBXFileReference; lastKnownFileType = text.plist.xml; path = Info.plist; sourceTree = "<group>"; };
		F2BE8E9A2AB87AA3003B98B2 /* CartViewController.swift */ = {isa = PBXFileReference; lastKnownFileType = sourcecode.swift; path = CartViewController.swift; sourceTree = "<group>"; };
		F2BE8E9C2AB87AE0003B98B2 /* CartViewCell.swift */ = {isa = PBXFileReference; lastKnownFileType = sourcecode.swift; path = CartViewCell.swift; sourceTree = "<group>"; };
/* End PBXFileReference section */

/* Begin PBXFrameworksBuildPhase section */
		F2BE8E792AB86A05003B98B2 /* Frameworks */ = {
			isa = PBXFrameworksBuildPhase;
			buildActionMask = 2147483647;
			files = (
			);
			runOnlyForDeploymentPostprocessing = 0;
		};
/* End PBXFrameworksBuildPhase section */

/* Begin PBXGroup section */
		F27AD97D2ABFEA230094D747 /* Delegates */ = {
			isa = PBXGroup;
			children = (
				F2BE8E812AB86A05003B98B2 /* SceneDelegate.swift */,
				F2BE8E7F2AB86A05003B98B2 /* AppDelegate.swift */,
			);
			path = Delegates;
			sourceTree = "<group>";
		};
		F27AD97E2ABFEA440094D747 /* Helper */ = {
			isa = PBXGroup;
			children = (
				F27AD9772ABDC7280094D747 /* NetworkManager.swift */,
				F27AD9792ABDC9560094D747 /* LocalStorageManager.swift */,
			);
			path = Helper;
			sourceTree = "<group>";
		};
		F27AD97F2ABFEA5C0094D747 /* Model */ = {
			isa = PBXGroup;
			children = (
				F27AD9732ABC878F0094D747 /* Product.swift */,
			);
			path = Model;
			sourceTree = "<group>";
		};
		F27AD9802ABFEA670094D747 /* ProductList */ = {
			isa = PBXGroup;
			children = (
				F27AD9822ABFEB260094D747 /* View */,
				F27AD9832ABFEB2B0094D747 /* ViewModel */,
			);
			path = ProductList;
			sourceTree = "<group>";
		};
		F27AD9812ABFEA820094D747 /* Cart */ = {
			isa = PBXGroup;
			children = (
				F27AD9872ABFEB900094D747 /* View */,
				F27AD9882ABFEB9F0094D747 /* ViewModel */,
			);
			path = Cart;
			sourceTree = "<group>";
		};
		F27AD9822ABFEB260094D747 /* View */ = {
			isa = PBXGroup;
			children = (
				F27AD9892ABFEBE40094D747 /* ProductListView.swift */,
				F27AD98B2ABFEC6C0094D747 /* ProductViewCell.swift */,
			);
			path = View;
			sourceTree = "<group>";
		};
		F27AD9832ABFEB2B0094D747 /* ViewModel */ = {
			isa = PBXGroup;
			children = (
				F27AD98D2ABFEF2A0094D747 /* ProductListViewModel.swift */,
			);
			path = ViewModel;
			sourceTree = "<group>";
		};
		F27AD9842ABFEB4B0094D747 /* Screens */ = {
			isa = PBXGroup;
			children = (
				F2BE8E852AB86A05003B98B2 /* Main.storyboard */,
				F2BE8E8D2AB86A06003B98B2 /* LaunchScreen.storyboard */,
			);
			path = Screens;
			sourceTree = "<group>";
		};
		F27AD9852ABFEB600094D747 /* Resources */ = {
			isa = PBXGroup;
			children = (
				F2BE8E8B2AB86A06003B98B2 /* Assets.xcassets */,
			);
			path = Resources;
			sourceTree = "<group>";
		};
		F27AD9872ABFEB900094D747 /* View */ = {
			isa = PBXGroup;
			children = (
				F2BE8E9A2AB87AA3003B98B2 /* CartViewController.swift */,
				F2BE8E9C2AB87AE0003B98B2 /* CartViewCell.swift */,
			);
			path = View;
			sourceTree = "<group>";
		};
		F27AD9882ABFEB9F0094D747 /* ViewModel */ = {
			isa = PBXGroup;
			children = (
				F27AD97B2ABED9AC0094D747 /* CartViewModel.swift */,
			);
			path = ViewModel;
			sourceTree = "<group>";
		};
		F2BE8E732AB86A05003B98B2 = {
			isa = PBXGroup;
			children = (
				F2BE8E7E2AB86A05003B98B2 /* myproject0 */,
				F2BE8E7D2AB86A05003B98B2 /* Products */,
			);
			sourceTree = "<group>";
		};
		F2BE8E7D2AB86A05003B98B2 /* Products */ = {
			isa = PBXGroup;
			children = (
				F2BE8E7C2AB86A05003B98B2 /* myproject0.app */,
			);
			name = Products;
			sourceTree = "<group>";
		};
		F2BE8E7E2AB86A05003B98B2 /* myproject0 */ = {
			isa = PBXGroup;
			children = (
				F2BE8E902AB86A06003B98B2 /* Info.plist */,
				F27AD9852ABFEB600094D747 /* Resources */,
				F27AD9842ABFEB4B0094D747 /* Screens */,
				F27AD9812ABFEA820094D747 /* Cart */,
				F27AD9802ABFEA670094D747 /* ProductList */,
				F27AD97F2ABFEA5C0094D747 /* Model */,
				F27AD97E2ABFEA440094D747 /* Helper */,
				F27AD97D2ABFEA230094D747 /* Delegates */,
			);
			path = myproject0;
			sourceTree = "<group>";
		};
/* End PBXGroup section */

/* Begin PBXNativeTarget section */
		F2BE8E7B2AB86A05003B98B2 /* myproject0 */ = {
			isa = PBXNativeTarget;
			buildConfigurationList = F2BE8E932AB86A06003B98B2 /* Build configuration list for PBXNativeTarget "myproject0" */;
			buildPhases = (
				F2BE8E782AB86A05003B98B2 /* Sources */,
				F2BE8E792AB86A05003B98B2 /* Frameworks */,
				F2BE8E7A2AB86A05003B98B2 /* Resources */,
			);
			buildRules = (
			);
			dependencies = (
			);
			name = myproject0;
			productName = myproject0;
			productReference = F2BE8E7C2AB86A05003B98B2 /* myproject0.app */;
			productType = "com.apple.product-type.application";
		};
/* End PBXNativeTarget section */

/* Begin PBXProject section */
		F2BE8E742AB86A05003B98B2 /* Project object */ = {
			isa = PBXProject;
			attributes = {
				BuildIndependentTargetsInParallel = 1;
				LastSwiftUpdateCheck = 1420;
				LastUpgradeCheck = 1420;
				TargetAttributes = {
					F2BE8E7B2AB86A05003B98B2 = {
						CreatedOnToolsVersion = 14.2;
					};
				};
			};
			buildConfigurationList = F2BE8E772AB86A05003B98B2 /* Build configuration list for PBXProject "myproject0" */;
			compatibilityVersion = "Xcode 14.0";
			developmentRegion = en;
			hasScannedForEncodings = 0;
			knownRegions = (
				en,
				Base,
			);
			mainGroup = F2BE8E732AB86A05003B98B2;
			productRefGroup = F2BE8E7D2AB86A05003B98B2 /* Products */;
			projectDirPath = "";
			projectRoot = "";
			targets = (
				F2BE8E7B2AB86A05003B98B2 /* myproject0 */,
			);
		};
/* End PBXProject section */

/* Begin PBXResourcesBuildPhase section */
		F2BE8E7A2AB86A05003B98B2 /* Resources */ = {
			isa = PBXResourcesBuildPhase;
			buildActionMask = 2147483647;
			files = (
				F2BE8E8F2AB86A06003B98B2 /* LaunchScreen.storyboard in Resources */,
				F2BE8E8C2AB86A06003B98B2 /* Assets.xcassets in Resources */,
				F2BE8E872AB86A05003B98B2 /* Main.storyboard in Resources */,
			);
			runOnlyForDeploymentPostprocessing = 0;
		};
/* End PBXResourcesBuildPhase section */

/* Begin PBXSourcesBuildPhase section */
		F2BE8E782AB86A05003B98B2 /* Sources */ = {
			isa = PBXSourcesBuildPhase;
			buildActionMask = 2147483647;
			files = (
				F27AD98A2ABFEBE40094D747 /* ProductListView.swift in Sources */,
				F27AD97C2ABED9AC0094D747 /* CartViewModel.swift in Sources */,
				F27AD98E2ABFEF2A0094D747 /* ProductListViewModel.swift in Sources */,
				F27AD9742ABC878F0094D747 /* Product.swift in Sources */,
				F27AD97A2ABDC9560094D747 /* LocalStorageManager.swift in Sources */,
				F27AD9782ABDC7280094D747 /* NetworkManager.swift in Sources */,
				F2BE8E9D2AB87AE0003B98B2 /* CartViewCell.swift in Sources */,
				F2BE8E802AB86A05003B98B2 /* AppDelegate.swift in Sources */,
				F27AD98C2ABFEC6C0094D747 /* ProductViewCell.swift in Sources */,
				F2BE8E822AB86A05003B98B2 /* SceneDelegate.swift in Sources */,
				F2BE8E9B2AB87AA3003B98B2 /* CartViewController.swift in Sources */,
			);
			runOnlyForDeploymentPostprocessing = 0;
		};
/* End PBXSourcesBuildPhase section */

/* Begin PBXVariantGroup section */
		F2BE8E852AB86A05003B98B2 /* Main.storyboard */ = {
			isa = PBXVariantGroup;
			children = (
				F2BE8E862AB86A05003B98B2 /* Base */,
			);
			name = Main.storyboard;
			sourceTree = "<group>";
		};
		F2BE8E8D2AB86A06003B98B2 /* LaunchScreen.storyboard */ = {
			isa = PBXVariantGroup;
			children = (
				F2BE8E8E2AB86A06003B98B2 /* Base */,
			);
			name = LaunchScreen.storyboard;
			sourceTree = "<group>";
		};
/* End PBXVariantGroup section */

/* Begin XCBuildConfiguration section */
		F2BE8E912AB86A06003B98B2 /* Debug */ = {
			isa = XCBuildConfiguration;
			buildSettings = {
				ALWAYS_SEARCH_USER_PATHS = NO;
				CLANG_ANALYZER_NONNULL = YES;
				CLANG_ANALYZER_NUMBER_OBJECT_CONVERSION = YES_AGGRESSIVE;
				CLANG_CXX_LANGUAGE_STANDARD = "gnu++20";
				CLANG_ENABLE_MODULES = YES;
				CLANG_ENABLE_OBJC_ARC = YES;
				CLANG_ENABLE_OBJC_WEAK = YES;
				CLANG_WARN_BLOCK_CAPTURE_AUTORELEASING = YES;
				CLANG_WARN_BOOL_CONVERSION = YES;
				CLANG_WARN_COMMA = YES;
				CLANG_WARN_CONSTANT_CONVERSION = YES;
				CLANG_WARN_DEPRECATED_OBJC_IMPLEMENTATIONS = YES;
				CLANG_WARN_DIRECT_OBJC_ISA_USAGE = YES_ERROR;
				CLANG_WARN_DOCUMENTATION_COMMENTS = YES;
				CLANG_WARN_EMPTY_BODY = YES;
				CLANG_WARN_ENUM_CONVERSION = YES;
				CLANG_WARN_INFINITE_RECURSION = YES;
				CLANG_WARN_INT_CONVERSION = YES;
				CLANG_WARN_NON_LITERAL_NULL_CONVERSION = YES;
				CLANG_WARN_OBJC_IMPLICIT_RETAIN_SELF = YES;
				CLANG_WARN_OBJC_LITERAL_CONVERSION = YES;
				CLANG_WARN_OBJC_ROOT_CLASS = YES_ERROR;
				CLANG_WARN_QUOTED_INCLUDE_IN_FRAMEWORK_HEADER = YES;
				CLANG_WARN_RANGE_LOOP_ANALYSIS = YES;
				CLANG_WARN_STRICT_PROTOTYPES = YES;
				CLANG_WARN_SUSPICIOUS_MOVE = YES;
				CLANG_WARN_UNGUARDED_AVAILABILITY = YES_AGGRESSIVE;
				CLANG_WARN_UNREACHABLE_CODE = YES;
				CLANG_WARN__DUPLICATE_METHOD_MATCH = YES;
				COPY_PHASE_STRIP = NO;
				DEBUG_INFORMATION_FORMAT = dwarf;
				ENABLE_STRICT_OBJC_MSGSEND = YES;
				ENABLE_TESTABILITY = YES;
				GCC_C_LANGUAGE_STANDARD = gnu11;
				GCC_DYNAMIC_NO_PIC = NO;
				GCC_NO_COMMON_BLOCKS = YES;
				GCC_OPTIMIZATION_LEVEL = 0;
				GCC_PREPROCESSOR_DEFINITIONS = (
					"DEBUG=1",
					"$(inherited)",
				);
				GCC_WARN_64_TO_32_BIT_CONVERSION = YES;
				GCC_WARN_ABOUT_RETURN_TYPE = YES_ERROR;
				GCC_WARN_UNDECLARED_SELECTOR = YES;
				GCC_WARN_UNINITIALIZED_AUTOS = YES_AGGRESSIVE;
				GCC_WARN_UNUSED_FUNCTION = YES;
				GCC_WARN_UNUSED_VARIABLE = YES;
				IPHONEOS_DEPLOYMENT_TARGET = 16.2;
				MTL_ENABLE_DEBUG_INFO = INCLUDE_SOURCE;
				MTL_FAST_MATH = YES;
				ONLY_ACTIVE_ARCH = YES;
				SDKROOT = iphoneos;
				SWIFT_ACTIVE_COMPILATION_CONDITIONS = DEBUG;
				SWIFT_OPTIMIZATION_LEVEL = "-Onone";
			};
			name = Debug;
		};
		F2BE8E922AB86A06003B98B2 /* Release */ = {
			isa = XCBuildConfiguration;
			buildSettings = {
				ALWAYS_SEARCH_USER_PATHS = NO;
				CLANG_ANALYZER_NONNULL = YES;
				CLANG_ANALYZER_NUMBER_OBJECT_CONVERSION = YES_AGGRESSIVE;
				CLANG_CXX_LANGUAGE_STANDARD = "gnu++20";
				CLANG_ENABLE_MODULES = YES;
				CLANG_ENABLE_OBJC_ARC = YES;
				CLANG_ENABLE_OBJC_WEAK = YES;
				CLANG_WARN_BLOCK_CAPTURE_AUTORELEASING = YES;
				CLANG_WARN_BOOL_CONVERSION = YES;
				CLANG_WARN_COMMA = YES;
				CLANG_WARN_CONSTANT_CONVERSION = YES;
				CLANG_WARN_DEPRECATED_OBJC_IMPLEMENTATIONS = YES;
				CLANG_WARN_DIRECT_OBJC_ISA_USAGE = YES_ERROR;
				CLANG_WARN_DOCUMENTATION_COMMENTS = YES;
				CLANG_WARN_EMPTY_BODY = YES;
				CLANG_WARN_ENUM_CONVERSION = YES;
				CLANG_WARN_INFINITE_RECURSION = YES;
				CLANG_WARN_INT_CONVERSION = YES;
				CLANG_WARN_NON_LITERAL_NULL_CONVERSION = YES;
				CLANG_WARN_OBJC_IMPLICIT_RETAIN_SELF = YES;
				CLANG_WARN_OBJC_LITERAL_CONVERSION = YES;
				CLANG_WARN_OBJC_ROOT_CLASS = YES_ERROR;
				CLANG_WARN_QUOTED_INCLUDE_IN_FRAMEWORK_HEADER = YES;
				CLANG_WARN_RANGE_LOOP_ANALYSIS = YES;
				CLANG_WARN_STRICT_PROTOTYPES = YES;
				CLANG_WARN_SUSPICIOUS_MOVE = YES;
				CLANG_WARN_UNGUARDED_AVAILABILITY = YES_AGGRESSIVE;
				CLANG_WARN_UNREACHABLE_CODE = YES;
				CLANG_WARN__DUPLICATE_METHOD_MATCH = YES;
				COPY_PHASE_STRIP = NO;
				DEBUG_INFORMATION_FORMAT = "dwarf-with-dsym";
				ENABLE_NS_ASSERTIONS = NO;
				ENABLE_STRICT_OBJC_MSGSEND = YES;
				GCC_C_LANGUAGE_STANDARD = gnu11;
				GCC_NO_COMMON_BLOCKS = YES;
				GCC_WARN_64_TO_32_BIT_CONVERSION = YES;
				GCC_WARN_ABOUT_RETURN_TYPE = YES_ERROR;
				GCC_WARN_UNDECLARED_SELECTOR = YES;
				GCC_WARN_UNINITIALIZED_AUTOS = YES_AGGRESSIVE;
				GCC_WARN_UNUSED_FUNCTION = YES;
				GCC_WARN_UNUSED_VARIABLE = YES;
				IPHONEOS_DEPLOYMENT_TARGET = 16.2;
				MTL_ENABLE_DEBUG_INFO = NO;
				MTL_FAST_MATH = YES;
				SDKROOT = iphoneos;
				SWIFT_COMPILATION_MODE = wholemodule;
				SWIFT_OPTIMIZATION_LEVEL = "-O";
				VALIDATE_PRODUCT = YES;
			};
			name = Release;
		};
		F2BE8E942AB86A06003B98B2 /* Debug */ = {
			isa = XCBuildConfiguration;
			buildSettings = {
				ASSETCATALOG_COMPILER_APPICON_NAME = AppIcon;
				ASSETCATALOG_COMPILER_GLOBAL_ACCENT_COLOR_NAME = AccentColor;
				CODE_SIGN_STYLE = Automatic;
				CURRENT_PROJECT_VERSION = 1;
				DEVELOPMENT_TEAM = DFF6RWX7DD;
				GENERATE_INFOPLIST_FILE = YES;
				INFOPLIST_FILE = myproject0/Info.plist;
				INFOPLIST_KEY_UIApplicationSupportsIndirectInputEvents = YES;
				INFOPLIST_KEY_UILaunchStoryboardName = LaunchScreen;
				INFOPLIST_KEY_UIMainStoryboardFile = Main;
				INFOPLIST_KEY_UISupportedInterfaceOrientations_iPad = "UIInterfaceOrientationPortrait UIInterfaceOrientationPortraitUpsideDown UIInterfaceOrientationLandscapeLeft UIInterfaceOrientationLandscapeRight";
				INFOPLIST_KEY_UISupportedInterfaceOrientations_iPhone = "UIInterfaceOrientationPortrait UIInterfaceOrientationLandscapeLeft UIInterfaceOrientationLandscapeRight";
				LD_RUNPATH_SEARCH_PATHS = (
					"$(inherited)",
					"@executable_path/Frameworks",
				);
				MARKETING_VERSION = 1.0;
				PRODUCT_BUNDLE_IDENTIFIER = "Shady-Adel.myproject0";
				PRODUCT_NAME = "$(TARGET_NAME)";
				SWIFT_EMIT_LOC_STRINGS = YES;
				SWIFT_VERSION = 5.0;
				TARGETED_DEVICE_FAMILY = "1,2";
			};
			name = Debug;
		};
		F2BE8E952AB86A06003B98B2 /* Release */ = {
			isa = XCBuildConfiguration;
			buildSettings = {
				ASSETCATALOG_COMPILER_APPICON_NAME = AppIcon;
				ASSETCATALOG_COMPILER_GLOBAL_ACCENT_COLOR_NAME = AccentColor;
				CODE_SIGN_STYLE = Automatic;
				CURRENT_PROJECT_VERSION = 1;
				DEVELOPMENT_TEAM = DFF6RWX7DD;
				GENERATE_INFOPLIST_FILE = YES;
				INFOPLIST_FILE = myproject0/Info.plist;
				INFOPLIST_KEY_UIApplicationSupportsIndirectInputEvents = YES;
				INFOPLIST_KEY_UILaunchStoryboardName = LaunchScreen;
				INFOPLIST_KEY_UIMainStoryboardFile = Main;
				INFOPLIST_KEY_UISupportedInterfaceOrientations_iPad = "UIInterfaceOrientationPortrait UIInterfaceOrientationPortraitUpsideDown UIInterfaceOrientationLandscapeLeft UIInterfaceOrientationLandscapeRight";
				INFOPLIST_KEY_UISupportedInterfaceOrientations_iPhone = "UIInterfaceOrientationPortrait UIInterfaceOrientationLandscapeLeft UIInterfaceOrientationLandscapeRight";
				LD_RUNPATH_SEARCH_PATHS = (
					"$(inherited)",
					"@executable_path/Frameworks",
				);
				MARKETING_VERSION = 1.0;
				PRODUCT_BUNDLE_IDENTIFIER = "Shady-Adel.myproject0";
				PRODUCT_NAME = "$(TARGET_NAME)";
				SWIFT_EMIT_LOC_STRINGS = YES;
				SWIFT_VERSION = 5.0;
				TARGETED_DEVICE_FAMILY = "1,2";
			};
			name = Release;
		};
/* End XCBuildConfiguration section */

/* Begin XCConfigurationList section */
		F2BE8E772AB86A05003B98B2 /* Build configuration list for PBXProject "myproject0" */ = {
			isa = XCConfigurationList;
			buildConfigurations = (
				F2BE8E912AB86A06003B98B2 /* Debug */,
				F2BE8E922AB86A06003B98B2 /* Release */,
			);
			defaultConfigurationIsVisible = 0;
			defaultConfigurationName = Release;
		};
		F2BE8E932AB86A06003B98B2 /* Build configuration list for PBXNativeTarget "myproject0" */ = {
			isa = XCConfigurationList;
			buildConfigurations = (
				F2BE8E942AB86A06003B98B2 /* Debug */,
				F2BE8E952AB86A06003B98B2 /* Release */,
			);
			defaultConfigurationIsVisible = 0;
			defaultConfigurationName = Release;
		};
/* End XCConfigurationList section */
	};
	rootObject = F2BE8E742AB86A05003B98B2 /* Project object */;
}
